
Microsoft Visual Studio Solution File, Format Version 12.00
Project("{FAE04EC0-301F-11D3-BF4B-00C04F79EFBC}") = "CourseProject.DB", "CourseProject.DB\CourseProject.DB.csproj", "{2DAD4CF5-C83E-4658-A4BA-062E084494E9}"
EndProject
Project("{FAE04EC0-301F-11D3-BF4B-00C04F79EFBC}") = "CourseProject.Interface", "CourseProject.Interface\CourseProject.Interface.csproj", "{46692018-4589-4206-B3EC-348B5D92E612}"
EndProject
Global
	GlobalSection(SolutionConfigurationPlatforms) = preSolution
		Debug|Any CPU = Debug|Any CPU
		Release|Any CPU = Release|Any CPU
	EndGlobalSection
	GlobalSection(ProjectConfigurationPlatforms) = postSolution
		{2DAD4CF5-C83E-4658-A4BA-062E084494E9}.Debug|Any CPU.ActiveCfg = Debug|Any CPU
		{2DAD4CF5-C83E-4658-A4BA-062E084494E9}.Debug|Any CPU.Build.0 = Debug|Any CPU
		{2DAD4CF5-C83E-4658-A4BA-062E084494E9}.Release|Any CPU.ActiveCfg = Release|Any CPU
		{2DAD4CF5-C83E-4658-A4BA-062E084494E9}.Release|Any CPU.Build.0 = Release|Any CPU
		{46692018-4589-4206-B3EC-348B5D92E612}.Debug|Any CPU.ActiveCfg = Debug|Any CPU
		{46692018-4589-4206-B3EC-348B5D92E612}.Debug|Any CPU.Build.0 = Debug|Any CPU
		{46692018-4589-4206-B3EC-348B5D92E612}.Release|Any CPU.ActiveCfg = Release|Any CPU
		{46692018-4589-4206-B3EC-348B5D92E612}.Release|Any CPU.Build.0 = Release|Any CPU
	EndGlobalSection
EndGlobal
